
Microsoft Visual Studio Solution File, Format Version 12.00
# Visual Studio 15
VisualStudioVersion = 15.0.28307.438
MinimumVisualStudioVersion = 10.0.40219.1
Project("{FAE04EC0-301F-11D3-BF4B-00C04F79EFBC}") = "CoffeeMVC", "CoffeeMVC\CoffeeMVC.csproj", "{AF815362-0A62-418B-A927-811CB0822A3A}"
EndProject
Global
	GlobalSection(SolutionConfigurationPlatforms) = preSolution
		Debug|Any CPU = Debug|Any CPU
		Release|Any CPU = Release|Any CPU
	EndGlobalSection
	GlobalSection(ProjectConfigurationPlatforms) = postSolution
		{AF815362-0A62-418B-A927-811CB0822A3A}.Debug|Any CPU.ActiveCfg = Debug|Any CPU
		{AF815362-0A62-418B-A927-811CB0822A3A}.Debug|Any CPU.Build.0 = Debug|Any CPU
		{AF815362-0A62-418B-A927-811CB0822A3A}.Release|Any CPU.ActiveCfg = Release|Any CPU
		{AF815362-0A62-418B-A927-811CB0822A3A}.Release|Any CPU.Build.0 = Release|Any CPU
	EndGlobalSection
	GlobalSection(SolutionProperties) = preSolution
		HideSolutionNode = FALSE
	EndGlobalSection
	GlobalSection(ExtensibilityGlobals) = postSolution
		SolutionGuid = {4E894ED0-EFFB-4D85-9BDE-36564B59AE3C}
	EndGlobalSection
EndGlobal
